// !$*UTF8*$!
{
	archiveVersion = 1;
	classes = {
	};
	objectVersion = 50;
	objects = {

/* Begin PBXBuildFile section */
		09B4A3C057EEF61BE75A3EF0 /* Pods_ItunesMusicTest.framework in Frameworks */ = {isa = PBXBuildFile; fileRef = 50EF7EFAC9915893806F0837 /* Pods_ItunesMusicTest.framework */; };
		32B99470220F0A240044AA3A /* AppDelegate.swift in Sources */ = {isa = PBXBuildFile; fileRef = 32B9946F220F0A240044AA3A /* AppDelegate.swift */; };
		32B99472220F0A240044AA3A /* ViewController.swift in Sources */ = {isa = PBXBuildFile; fileRef = 32B99471220F0A240044AA3A /* ViewController.swift */; };
		32B99477220F0A250044AA3A /* Assets.xcassets in Resources */ = {isa = PBXBuildFile; fileRef = 32B99476220F0A250044AA3A /* Assets.xcassets */; };
		32B9947A220F0A250044AA3A /* LaunchScreen.storyboard in Resources */ = {isa = PBXBuildFile; fileRef = 32B99478220F0A250044AA3A /* LaunchScreen.storyboard */; };
		32B99485220F0A250044AA3A /* ItunesMusicTestTests.swift in Sources */ = {isa = PBXBuildFile; fileRef = 32B99484220F0A250044AA3A /* ItunesMusicTestTests.swift */; };
		32B99490220F126A0044AA3A /* ViewController.xib in Resources */ = {isa = PBXBuildFile; fileRef = 32B9948F220F126A0044AA3A /* ViewController.xib */; };
		32B99496220F15F00044AA3A /* NibLoadable.swift in Sources */ = {isa = PBXBuildFile; fileRef = 32B99495220F15F00044AA3A /* NibLoadable.swift */; };
		32B99499220F16390044AA3A /* Ext+UIViewcontroller.swift in Sources */ = {isa = PBXBuildFile; fileRef = 32B99498220F16390044AA3A /* Ext+UIViewcontroller.swift */; };
		32B994A0220F17B30044AA3A /* Music.swift in Sources */ = {isa = PBXBuildFile; fileRef = 32B9949F220F17B30044AA3A /* Music.swift */; };
		32B994A3220F18E50044AA3A /* MusicTableViewCell.swift in Sources */ = {isa = PBXBuildFile; fileRef = 32B994A1220F18E50044AA3A /* MusicTableViewCell.swift */; };
		32B994A4220F18E50044AA3A /* MusicTableViewCell.xib in Resources */ = {isa = PBXBuildFile; fileRef = 32B994A2220F18E50044AA3A /* MusicTableViewCell.xib */; };
		32B994A7220F1FAE0044AA3A /* SearchMusicManager.swift in Sources */ = {isa = PBXBuildFile; fileRef = 32B994A6220F1FAE0044AA3A /* SearchMusicManager.swift */; };
		32B994AA220F4B2A0044AA3A /* Helper.swift in Sources */ = {isa = PBXBuildFile; fileRef = 32B994A9220F4B2A0044AA3A /* Helper.swift */; };
/* End PBXBuildFile section */

/* Begin PBXContainerItemProxy section */
		32B99481220F0A250044AA3A /* PBXContainerItemProxy */ = {
			isa = PBXContainerItemProxy;
			containerPortal = 32B99464220F0A240044AA3A /* Project object */;
			proxyType = 1;
			remoteGlobalIDString = 32B9946B220F0A240044AA3A;
			remoteInfo = ItunesMusicTest;
		};
/* End PBXContainerItemProxy section */

/* Begin PBXFileReference section */
		32B9946C220F0A240044AA3A /* ItunesMusicTest.app */ = {isa = PBXFileReference; explicitFileType = wrapper.application; includeInIndex = 0; path = ItunesMusicTest.app; sourceTree = BUILT_PRODUCTS_DIR; };
		32B9946F220F0A240044AA3A /* AppDelegate.swift */ = {isa = PBXFileReference; lastKnownFileType = sourcecode.swift; path = AppDelegate.swift; sourceTree = "<group>"; };
		32B99471220F0A240044AA3A /* ViewController.swift */ = {isa = PBXFileReference; lastKnownFileType = sourcecode.swift; path = ViewController.swift; sourceTree = "<group>"; };
		32B99476220F0A250044AA3A /* Assets.xcassets */ = {isa = PBXFileReference; lastKnownFileType = folder.assetcatalog; path = Assets.xcassets; sourceTree = "<group>"; };
		32B99479220F0A250044AA3A /* Base */ = {isa = PBXFileReference; lastKnownFileType = file.storyboard; name = Base; path = Base.lproj/LaunchScreen.storyboard; sourceTree = "<group>"; };
		32B9947B220F0A250044AA3A /* Info.plist */ = {isa = PBXFileReference; lastKnownFileType = text.plist.xml; path = Info.plist; sourceTree = "<group>"; };
		32B99480220F0A250044AA3A /* ItunesMusicTestTests.xctest */ = {isa = PBXFileReference; explicitFileType = wrapper.cfbundle; includeInIndex = 0; path = ItunesMusicTestTests.xctest; sourceTree = BUILT_PRODUCTS_DIR; };
		32B99484220F0A250044AA3A /* ItunesMusicTestTests.swift */ = {isa = PBXFileReference; lastKnownFileType = sourcecode.swift; path = ItunesMusicTestTests.swift; sourceTree = "<group>"; };
		32B99486220F0A250044AA3A /* Info.plist */ = {isa = PBXFileReference; lastKnownFileType = text.plist.xml; path = Info.plist; sourceTree = "<group>"; };
		32B9948F220F126A0044AA3A /* ViewController.xib */ = {isa = PBXFileReference; lastKnownFileType = file.xib; path = ViewController.xib; sourceTree = "<group>"; };
		32B99495220F15F00044AA3A /* NibLoadable.swift */ = {isa = PBXFileReference; lastKnownFileType = sourcecode.swift; path = NibLoadable.swift; sourceTree = "<group>"; };
		32B99498220F16390044AA3A /* Ext+UIViewcontroller.swift */ = {isa = PBXFileReference; lastKnownFileType = sourcecode.swift; path = "Ext+UIViewcontroller.swift"; sourceTree = "<group>"; };
		32B9949F220F17B30044AA3A /* Music.swift */ = {isa = PBXFileReference; lastKnownFileType = sourcecode.swift; path = Music.swift; sourceTree = "<group>"; };
		32B994A1220F18E50044AA3A /* MusicTableViewCell.swift */ = {isa = PBXFileReference; lastKnownFileType = sourcecode.swift; path = MusicTableViewCell.swift; sourceTree = "<group>"; };
		32B994A2220F18E50044AA3A /* MusicTableViewCell.xib */ = {isa = PBXFileReference; lastKnownFileType = file.xib; path = MusicTableViewCell.xib; sourceTree = "<group>"; };
		32B994A6220F1FAE0044AA3A /* SearchMusicManager.swift */ = {isa = PBXFileReference; lastKnownFileType = sourcecode.swift; path = SearchMusicManager.swift; sourceTree = "<group>"; };
		32B994A9220F4B2A0044AA3A /* Helper.swift */ = {isa = PBXFileReference; lastKnownFileType = sourcecode.swift; path = Helper.swift; sourceTree = "<group>"; };
		50EF7EFAC9915893806F0837 /* Pods_ItunesMusicTest.framework */ = {isa = PBXFileReference; explicitFileType = wrapper.framework; includeInIndex = 0; path = Pods_ItunesMusicTest.framework; sourceTree = BUILT_PRODUCTS_DIR; };
		C894D354D8901DA161BB3443 /* Pods-ItunesMusicTest.debug.xcconfig */ = {isa = PBXFileReference; includeInIndex = 1; lastKnownFileType = text.xcconfig; name = "Pods-ItunesMusicTest.debug.xcconfig"; path = "Pods/Target Support Files/Pods-ItunesMusicTest/Pods-ItunesMusicTest.debug.xcconfig"; sourceTree = "<group>"; };
		F09FEC73A10933F6A99695C5 /* Pods-ItunesMusicTest.release.xcconfig */ = {isa = PBXFileReference; includeInIndex = 1; lastKnownFileType = text.xcconfig; name = "Pods-ItunesMusicTest.release.xcconfig"; path = "Pods/Target Support Files/Pods-ItunesMusicTest/Pods-ItunesMusicTest.release.xcconfig"; sourceTree = "<group>"; };
/* End PBXFileReference section */

/* Begin PBXFrameworksBuildPhase section */
		32B99469220F0A240044AA3A /* Frameworks */ = {
			isa = PBXFrameworksBuildPhase;
			buildActionMask = 2147483647;
			files = (
				09B4A3C057EEF61BE75A3EF0 /* Pods_ItunesMusicTest.framework in Frameworks */,
			);
			runOnlyForDeploymentPostprocessing = 0;
		};
		32B9947D220F0A250044AA3A /* Frameworks */ = {
			isa = PBXFrameworksBuildPhase;
			buildActionMask = 2147483647;
			files = (
			);
			runOnlyForDeploymentPostprocessing = 0;
		};
/* End PBXFrameworksBuildPhase section */

/* Begin PBXGroup section */
		32B99463220F0A240044AA3A = {
			isa = PBXGroup;
			children = (
				32B9946E220F0A240044AA3A /* ItunesMusicTest */,
				32B99483220F0A250044AA3A /* ItunesMusicTestTests */,
				32B9946D220F0A240044AA3A /* Products */,
				AD0DCE88877B39867220EE16 /* Pods */,
				4E6D729BF6EA536F04DFA5F1 /* Frameworks */,
			);
			sourceTree = "<group>";
		};
		32B9946D220F0A240044AA3A /* Products */ = {
			isa = PBXGroup;
			children = (
				32B9946C220F0A240044AA3A /* ItunesMusicTest.app */,
				32B99480220F0A250044AA3A /* ItunesMusicTestTests.xctest */,
			);
			name = Products;
			sourceTree = "<group>";
		};
		32B9946E220F0A240044AA3A /* ItunesMusicTest */ = {
			isa = PBXGroup;
			children = (
				32B9946F220F0A240044AA3A /* AppDelegate.swift */,
				32B9947B220F0A250044AA3A /* Info.plist */,
				32B994A8220F4B180044AA3A /* Support files */,
				32B99497220F16280044AA3A /* Extensions */,
				32B99494220F15DA0044AA3A /* Protocols */,
				32B994A5220F1F900044AA3A /* Managers */,
				32B9949E220F179E0044AA3A /* Models */,
				32B99491220F12830044AA3A /* Screens */,
				32B9949C220F177F0044AA3A /* CustomViews */,
				32B99493220F156C0044AA3A /* Resources */,
			);
			path = ItunesMusicTest;
			sourceTree = "<group>";
		};
		32B99483220F0A250044AA3A /* ItunesMusicTestTests */ = {
			isa = PBXGroup;
			children = (
				32B99484220F0A250044AA3A /* ItunesMusicTestTests.swift */,
				32B99486220F0A250044AA3A /* Info.plist */,
			);
			path = ItunesMusicTestTests;
			sourceTree = "<group>";
		};
		32B99491220F12830044AA3A /* Screens */ = {
			isa = PBXGroup;
			children = (
				32B99492220F12900044AA3A /* Main */,
			);
			path = Screens;
			sourceTree = "<group>";
		};
		32B99492220F12900044AA3A /* Main */ = {
			isa = PBXGroup;
			children = (
				32B99471220F0A240044AA3A /* ViewController.swift */,
				32B9948F220F126A0044AA3A /* ViewController.xib */,
			);
			name = Main;
			path = ..;
			sourceTree = "<group>";
		};
		32B99493220F156C0044AA3A /* Resources */ = {
			isa = PBXGroup;
			children = (
				32B99476220F0A250044AA3A /* Assets.xcassets */,
				32B99478220F0A250044AA3A /* LaunchScreen.storyboard */,
			);
			path = Resources;
			sourceTree = "<group>";
		};
		32B99494220F15DA0044AA3A /* Protocols */ = {
			isa = PBXGroup;
			children = (
				32B99495220F15F00044AA3A /* NibLoadable.swift */,
			);
			path = Protocols;
			sourceTree = "<group>";
		};
		32B99497220F16280044AA3A /* Extensions */ = {
			isa = PBXGroup;
			children = (
				32B99498220F16390044AA3A /* Ext+UIViewcontroller.swift */,
			);
			path = Extensions;
			sourceTree = "<group>";
		};
		32B9949A220F174C0044AA3A /* Cells */ = {
			isa = PBXGroup;
			children = (
				32B994A1220F18E50044AA3A /* MusicTableViewCell.swift */,
				32B994A2220F18E50044AA3A /* MusicTableViewCell.xib */,
			);
			path = Cells;
			sourceTree = "<group>";
		};
		32B9949C220F177F0044AA3A /* CustomViews */ = {
			isa = PBXGroup;
			children = (
				32B9949A220F174C0044AA3A /* Cells */,
			);
			path = CustomViews;
			sourceTree = "<group>";
		};
		32B9949E220F179E0044AA3A /* Models */ = {
			isa = PBXGroup;
			children = (
				32B9949F220F17B30044AA3A /* Music.swift */,
			);
			path = Models;
			sourceTree = "<group>";
		};
		32B994A5220F1F900044AA3A /* Managers */ = {
			isa = PBXGroup;
			children = (
				32B994A6220F1FAE0044AA3A /* SearchMusicManager.swift */,
			);
			path = Managers;
			sourceTree = "<group>";
		};
		32B994A8220F4B180044AA3A /* Support files */ = {
			isa = PBXGroup;
			children = (
				32B994A9220F4B2A0044AA3A /* Helper.swift */,
			);
			path = "Support files";
			sourceTree = "<group>";
		};
		4E6D729BF6EA536F04DFA5F1 /* Frameworks */ = {
			isa = PBXGroup;
			children = (
				50EF7EFAC9915893806F0837 /* Pods_ItunesMusicTest.framework */,
			);
			name = Frameworks;
			sourceTree = "<group>";
		};
		AD0DCE88877B39867220EE16 /* Pods */ = {
			isa = PBXGroup;
			children = (
				C894D354D8901DA161BB3443 /* Pods-ItunesMusicTest.debug.xcconfig */,
				F09FEC73A10933F6A99695C5 /* Pods-ItunesMusicTest.release.xcconfig */,
			);
			name = Pods;
			sourceTree = "<group>";
		};
/* End PBXGroup section */

/* Begin PBXNativeTarget section */
		32B9946B220F0A240044AA3A /* ItunesMusicTest */ = {
			isa = PBXNativeTarget;
			buildConfigurationList = 32B99489220F0A250044AA3A /* Build configuration list for PBXNativeTarget "ItunesMusicTest" */;
			buildPhases = (
				74447FE93AFB0DD5619F4F3C /* [CP] Check Pods Manifest.lock */,
				32B99468220F0A240044AA3A /* Sources */,
				32B99469220F0A240044AA3A /* Frameworks */,
				32B9946A220F0A240044AA3A /* Resources */,
				C46BE09866646525037187D6 /* [CP] Embed Pods Frameworks */,
			);
			buildRules = (
			);
			dependencies = (
			);
			name = ItunesMusicTest;
			productName = ItunesMusicTest;
			productReference = 32B9946C220F0A240044AA3A /* ItunesMusicTest.app */;
			productType = "com.apple.product-type.application";
		};
		32B9947F220F0A250044AA3A /* ItunesMusicTestTests */ = {
			isa = PBXNativeTarget;
			buildConfigurationList = 32B9948C220F0A250044AA3A /* Build configuration list for PBXNativeTarget "ItunesMusicTestTests" */;
			buildPhases = (
				32B9947C220F0A250044AA3A /* Sources */,
				32B9947D220F0A250044AA3A /* Frameworks */,
				32B9947E220F0A250044AA3A /* Resources */,
			);
			buildRules = (
			);
			dependencies = (
				32B99482220F0A250044AA3A /* PBXTargetDependency */,
			);
			name = ItunesMusicTestTests;
			productName = ItunesMusicTestTests;
			productReference = 32B99480220F0A250044AA3A /* ItunesMusicTestTests.xctest */;
			productType = "com.apple.product-type.bundle.unit-test";
		};
/* End PBXNativeTarget section */

/* Begin PBXProject section */
		32B99464220F0A240044AA3A /* Project object */ = {
			isa = PBXProject;
			attributes = {
				LastSwiftUpdateCheck = 1010;
				LastUpgradeCheck = 1010;
				ORGANIZATIONNAME = "Kazim Gajiev";
				TargetAttributes = {
					32B9946B220F0A240044AA3A = {
						CreatedOnToolsVersion = 10.1;
					};
					32B9947F220F0A250044AA3A = {
						CreatedOnToolsVersion = 10.1;
						TestTargetID = 32B9946B220F0A240044AA3A;
					};
				};
			};
			buildConfigurationList = 32B99467220F0A240044AA3A /* Build configuration list for PBXProject "ItunesMusicTest" */;
			compatibilityVersion = "Xcode 9.3";
			developmentRegion = en;
			hasScannedForEncodings = 0;
			knownRegions = (
				en,
				Base,
			);
			mainGroup = 32B99463220F0A240044AA3A;
			productRefGroup = 32B9946D220F0A240044AA3A /* Products */;
			projectDirPath = "";
			projectRoot = "";
			targets = (
				32B9946B220F0A240044AA3A /* ItunesMusicTest */,
				32B9947F220F0A250044AA3A /* ItunesMusicTestTests */,
			);
		};
/* End PBXProject section */

/* Begin PBXResourcesBuildPhase section */
		32B9946A220F0A240044AA3A /* Resources */ = {
			isa = PBXResourcesBuildPhase;
			buildActionMask = 2147483647;
			files = (
				32B9947A220F0A250044AA3A /* LaunchScreen.storyboard in Resources */,
				32B99490220F126A0044AA3A /* ViewController.xib in Resources */,
				32B99477220F0A250044AA3A /* Assets.xcassets in Resources */,
				32B994A4220F18E50044AA3A /* MusicTableViewCell.xib in Resources */,
			);
			runOnlyForDeploymentPostprocessing = 0;
		};
		32B9947E220F0A250044AA3A /* Resources */ = {
			isa = PBXResourcesBuildPhase;
			buildActionMask = 2147483647;
			files = (
			);
			runOnlyForDeploymentPostprocessing = 0;
		};
/* End PBXResourcesBuildPhase section */

/* Begin PBXShellScriptBuildPhase section */
		74447FE93AFB0DD5619F4F3C /* [CP] Check Pods Manifest.lock */ = {
			isa = PBXShellScriptBuildPhase;
			buildActionMask = 2147483647;
			files = (
			);
			inputPaths = (
				"${PODS_PODFILE_DIR_PATH}/Podfile.lock",
				"${PODS_ROOT}/Manifest.lock",
			);
			name = "[CP] Check Pods Manifest.lock";
			outputPaths = (
				"$(DERIVED_FILE_DIR)/Pods-ItunesMusicTest-checkManifestLockResult.txt",
			);
			runOnlyForDeploymentPostprocessing = 0;
			shellPath = /bin/sh;
			shellScript = "diff \"${PODS_PODFILE_DIR_PATH}/Podfile.lock\" \"${PODS_ROOT}/Manifest.lock\" > /dev/null\nif [ $? != 0 ] ; then\n    # print error to STDERR\n    echo \"error: The sandbox is not in sync with the Podfile.lock. Run 'pod install' or update your CocoaPods installation.\" >&2\n    exit 1\nfi\n# This output is used by Xcode 'outputs' to avoid re-running this script phase.\necho \"SUCCESS\" > \"${SCRIPT_OUTPUT_FILE_0}\"\n";
			showEnvVarsInLog = 0;
		};
		C46BE09866646525037187D6 /* [CP] Embed Pods Frameworks */ = {
			isa = PBXShellScriptBuildPhase;
			buildActionMask = 2147483647;
			files = (
			);
			inputPaths = (
				"${SRCROOT}/Pods/Target Support Files/Pods-ItunesMusicTest/Pods-ItunesMusicTest-frameworks.sh",
				"${BUILT_PRODUCTS_DIR}/Alamofire/Alamofire.framework",
				"${BUILT_PRODUCTS_DIR}/SwiftyJSON/SwiftyJSON.framework",
			);
			name = "[CP] Embed Pods Frameworks";
			outputPaths = (
				"${TARGET_BUILD_DIR}/${FRAMEWORKS_FOLDER_PATH}/Alamofire.framework",
				"${TARGET_BUILD_DIR}/${FRAMEWORKS_FOLDER_PATH}/SwiftyJSON.framework",
			);
			runOnlyForDeploymentPostprocessing = 0;
			shellPath = /bin/sh;
			shellScript = "\"${SRCROOT}/Pods/Target Support Files/Pods-ItunesMusicTest/Pods-ItunesMusicTest-frameworks.sh\"\n";
			showEnvVarsInLog = 0;
		};
/* End PBXShellScriptBuildPhase section */

/* Begin PBXSourcesBuildPhase section */
		32B99468220F0A240044AA3A /* Sources */ = {
			isa = PBXSourcesBuildPhase;
			buildActionMask = 2147483647;
			files = (
				32B99496220F15F00044AA3A /* NibLoadable.swift in Sources */,
				32B99472220F0A240044AA3A /* ViewController.swift in Sources */,
				32B99499220F16390044AA3A /* Ext+UIViewcontroller.swift in Sources */,
				32B994A0220F17B30044AA3A /* Music.swift in Sources */,
				32B99470220F0A240044AA3A /* AppDelegate.swift in Sources */,
				32B994A7220F1FAE0044AA3A /* SearchMusicManager.swift in Sources */,
				32B994A3220F18E50044AA3A /* MusicTableViewCell.swift in Sources */,
				32B994AA220F4B2A0044AA3A /* Helper.swift in Sources */,
			);
			runOnlyForDeploymentPostprocessing = 0;
		};
		32B9947C220F0A250044AA3A /* Sources */ = {
			isa = PBXSourcesBuildPhase;
			buildActionMask = 2147483647;
			files = (
				32B99485220F0A250044AA3A /* ItunesMusicTestTests.swift in Sources */,
			);
			runOnlyForDeploymentPostprocessing = 0;
		};
/* End PBXSourcesBuildPhase section */

/* Begin PBXTargetDependency section */
		32B99482220F0A250044AA3A /* PBXTargetDependency */ = {
			isa = PBXTargetDependency;
			target = 32B9946B220F0A240044AA3A /* ItunesMusicTest */;
			targetProxy = 32B99481220F0A250044AA3A /* PBXContainerItemProxy */;
		};
/* End PBXTargetDependency section */

/* Begin PBXVariantGroup section */
		32B99478220F0A250044AA3A /* LaunchScreen.storyboard */ = {
			isa = PBXVariantGroup;
			children = (
				32B99479220F0A250044AA3A /* Base */,
			);
			name = LaunchScreen.storyboard;
			sourceTree = "<group>";
		};
/* End PBXVariantGroup section */

/* Begin XCBuildConfiguration section */
		32B99487220F0A250044AA3A /* Debug */ = {
			isa = XCBuildConfiguration;
			buildSettings = {
				ALWAYS_SEARCH_USER_PATHS = NO;
				CLANG_ANALYZER_NONNULL = YES;
				CLANG_ANALYZER_NUMBER_OBJECT_CONVERSION = YES_AGGRESSIVE;
				CLANG_CXX_LANGUAGE_STANDARD = "gnu++14";
				CLANG_CXX_LIBRARY = "libc++";
				CLANG_ENABLE_MODULES = YES;
				CLANG_ENABLE_OBJC_ARC = YES;
				CLANG_ENABLE_OBJC_WEAK = YES;
				CLANG_WARN_BLOCK_CAPTURE_AUTORELEASING = YES;
				CLANG_WARN_BOOL_CONVERSION = YES;
				CLANG_WARN_COMMA = YES;
				CLANG_WARN_CONSTANT_CONVERSION = YES;
				CLANG_WARN_DEPRECATED_OBJC_IMPLEMENTATIONS = YES;
				CLANG_WARN_DIRECT_OBJC_ISA_USAGE = YES_ERROR;
				CLANG_WARN_DOCUMENTATION_COMMENTS = YES;
				CLANG_WARN_EMPTY_BODY = YES;
				CLANG_WARN_ENUM_CONVERSION = YES;
				CLANG_WARN_INFINITE_RECURSION = YES;
				CLANG_WARN_INT_CONVERSION = YES;
				CLANG_WARN_NON_LITERAL_NULL_CONVERSION = YES;
				CLANG_WARN_OBJC_IMPLICIT_RETAIN_SELF = YES;
				CLANG_WARN_OBJC_LITERAL_CONVERSION = YES;
				CLANG_WARN_OBJC_ROOT_CLASS = YES_ERROR;
				CLANG_WARN_RANGE_LOOP_ANALYSIS = YES;
				CLANG_WARN_STRICT_PROTOTYPES = YES;
				CLANG_WARN_SUSPICIOUS_MOVE = YES;
				CLANG_WARN_UNGUARDED_AVAILABILITY = YES_AGGRESSIVE;
				CLANG_WARN_UNREACHABLE_CODE = YES;
				CLANG_WARN__DUPLICATE_METHOD_MATCH = YES;
				CODE_SIGN_IDENTITY = "iPhone Developer";
				COPY_PHASE_STRIP = NO;
				DEBUG_INFORMATION_FORMAT = dwarf;
				ENABLE_STRICT_OBJC_MSGSEND = YES;
				ENABLE_TESTABILITY = YES;
				GCC_C_LANGUAGE_STANDARD = gnu11;
				GCC_DYNAMIC_NO_PIC = NO;
				GCC_NO_COMMON_BLOCKS = YES;
				GCC_OPTIMIZATION_LEVEL = 0;
				GCC_PREPROCESSOR_DEFINITIONS = (
					"DEBUG=1",
					"$(inherited)",
				);
				GCC_WARN_64_TO_32_BIT_CONVERSION = YES;
				GCC_WARN_ABOUT_RETURN_TYPE = YES_ERROR;
				GCC_WARN_UNDECLARED_SELECTOR = YES;
				GCC_WARN_UNINITIALIZED_AUTOS = YES_AGGRESSIVE;
				GCC_WARN_UNUSED_FUNCTION = YES;
				GCC_WARN_UNUSED_VARIABLE = YES;
				IPHONEOS_DEPLOYMENT_TARGET = 12.1;
				MTL_ENABLE_DEBUG_INFO = INCLUDE_SOURCE;
				MTL_FAST_MATH = YES;
				ONLY_ACTIVE_ARCH = YES;
				SDKROOT = iphoneos;
				SWIFT_ACTIVE_COMPILATION_CONDITIONS = DEBUG;
				SWIFT_OPTIMIZATION_LEVEL = "-Onone";
			};
			name = Debug;
		};
		32B99488220F0A250044AA3A /* Release */ = {
			isa = XCBuildConfiguration;
			buildSettings = {
				ALWAYS_SEARCH_USER_PATHS = NO;
				CLANG_ANALYZER_NONNULL = YES;
				CLANG_ANALYZER_NUMBER_OBJECT_CONVERSION = YES_AGGRESSIVE;
				CLANG_CXX_LANGUAGE_STANDARD = "gnu++14";
				CLANG_CXX_LIBRARY = "libc++";
				CLANG_ENABLE_MODULES = YES;
				CLANG_ENABLE_OBJC_ARC = YES;
				CLANG_ENABLE_OBJC_WEAK = YES;
				CLANG_WARN_BLOCK_CAPTURE_AUTORELEASING = YES;
				CLANG_WARN_BOOL_CONVERSION = YES;
				CLANG_WARN_COMMA = YES;
				CLANG_WARN_CONSTANT_CONVERSION = YES;
				CLANG_WARN_DEPRECATED_OBJC_IMPLEMENTATIONS = YES;
				CLANG_WARN_DIRECT_OBJC_ISA_USAGE = YES_ERROR;
				CLANG_WARN_DOCUMENTATION_COMMENTS = YES;
				CLANG_WARN_EMPTY_BODY = YES;
				CLANG_WARN_ENUM_CONVERSION = YES;
				CLANG_WARN_INFINITE_RECURSION = YES;
				CLANG_WARN_INT_CONVERSION = YES;
				CLANG_WARN_NON_LITERAL_NULL_CONVERSION = YES;
				CLANG_WARN_OBJC_IMPLICIT_RETAIN_SELF = YES;
				CLANG_WARN_OBJC_LITERAL_CONVERSION = YES;
				CLANG_WARN_OBJC_ROOT_CLASS = YES_ERROR;
				CLANG_WARN_RANGE_LOOP_ANALYSIS = YES;
				CLANG_WARN_STRICT_PROTOTYPES = YES;
				CLANG_WARN_SUSPICIOUS_MOVE = YES;
				CLANG_WARN_UNGUARDED_AVAILABILITY = YES_AGGRESSIVE;
				CLANG_WARN_UNREACHABLE_CODE = YES;
				CLANG_WARN__DUPLICATE_METHOD_MATCH = YES;
				CODE_SIGN_IDENTITY = "iPhone Developer";
				COPY_PHASE_STRIP = NO;
				DEBUG_INFORMATION_FORMAT = "dwarf-with-dsym";
				ENABLE_NS_ASSERTIONS = NO;
				ENABLE_STRICT_OBJC_MSGSEND = YES;
				GCC_C_LANGUAGE_STANDARD = gnu11;
				GCC_NO_COMMON_BLOCKS = YES;
				GCC_WARN_64_TO_32_BIT_CONVERSION = YES;
				GCC_WARN_ABOUT_RETURN_TYPE = YES_ERROR;
				GCC_WARN_UNDECLARED_SELECTOR = YES;
				GCC_WARN_UNINITIALIZED_AUTOS = YES_AGGRESSIVE;
				GCC_WARN_UNUSED_FUNCTION = YES;
				GCC_WARN_UNUSED_VARIABLE = YES;
				IPHONEOS_DEPLOYMENT_TARGET = 12.1;
				MTL_ENABLE_DEBUG_INFO = NO;
				MTL_FAST_MATH = YES;
				SDKROOT = iphoneos;
				SWIFT_COMPILATION_MODE = wholemodule;
				SWIFT_OPTIMIZATION_LEVEL = "-O";
				VALIDATE_PRODUCT = YES;
			};
			name = Release;
		};
		32B9948A220F0A250044AA3A /* Debug */ = {
			isa = XCBuildConfiguration;
			baseConfigurationReference = C894D354D8901DA161BB3443 /* Pods-ItunesMusicTest.debug.xcconfig */;
			buildSettings = {
				ASSETCATALOG_COMPILER_APPICON_NAME = AppIcon;
				CODE_SIGN_STYLE = Automatic;
				DEVELOPMENT_TEAM = 396KV6U5SX;
				INFOPLIST_FILE = ItunesMusicTest/Info.plist;
				IPHONEOS_DEPLOYMENT_TARGET = 11.0;
				LD_RUNPATH_SEARCH_PATHS = (
					"$(inherited)",
					"@executable_path/Frameworks",
				);
				PRODUCT_BUNDLE_IDENTIFIER = ru.learnanddevelop.ItunesMusicTest;
				PRODUCT_NAME = "$(TARGET_NAME)";
				SWIFT_VERSION = 4.2;
				TARGETED_DEVICE_FAMILY = "1,2";
			};
			name = Debug;
		};
		32B9948B220F0A250044AA3A /* Release */ = {
			isa = XCBuildConfiguration;
			baseConfigurationReference = F09FEC73A10933F6A99695C5 /* Pods-ItunesMusicTest.release.xcconfig */;
			buildSettings = {
				ASSETCATALOG_COMPILER_APPICON_NAME = AppIcon;
				CODE_SIGN_STYLE = Automatic;
				DEVELOPMENT_TEAM = 396KV6U5SX;
				INFOPLIST_FILE = ItunesMusicTest/Info.plist;
				IPHONEOS_DEPLOYMENT_TARGET = 11.0;
				LD_RUNPATH_SEARCH_PATHS = (
					"$(inherited)",
					"@executable_path/Frameworks",
				);
				PRODUCT_BUNDLE_IDENTIFIER = ru.learnanddevelop.ItunesMusicTest;
				PRODUCT_NAME = "$(TARGET_NAME)";
				SWIFT_VERSION = 4.2;
				TARGETED_DEVICE_FAMILY = "1,2";
			};
			name = Release;
		};
		32B9948D220F0A250044AA3A /* Debug */ = {
			isa = XCBuildConfiguration;
			buildSettings = {
				ALWAYS_EMBED_SWIFT_STANDARD_LIBRARIES = YES;
				BUNDLE_LOADER = "$(TEST_HOST)";
				CODE_SIGN_STYLE = Automatic;
				DEVELOPMENT_TEAM = 396KV6U5SX;
				INFOPLIST_FILE = ItunesMusicTestTests/Info.plist;
				LD_RUNPATH_SEARCH_PATHS = (
					"$(inherited)",
					"@executable_path/Frameworks",
					"@loader_path/Frameworks",
				);
				PRODUCT_BUNDLE_IDENTIFIER = ru.learnanddevelop.ItunesMusicTestTests;
				PRODUCT_NAME = "$(TARGET_NAME)";
				SWIFT_VERSION = 4.2;
				TARGETED_DEVICE_FAMILY = "1,2";
				TEST_HOST = "$(BUILT_PRODUCTS_DIR)/ItunesMusicTest.app/ItunesMusicTest";
			};
			name = Debug;
		};
		32B9948E220F0A250044AA3A /* Release */ = {
			isa = XCBuildConfiguration;
			buildSettings = {
				ALWAYS_EMBED_SWIFT_STANDARD_LIBRARIES = YES;
				BUNDLE_LOADER = "$(TEST_HOST)";
				CODE_SIGN_STYLE = Automatic;
				DEVELOPMENT_TEAM = 396KV6U5SX;
				INFOPLIST_FILE = ItunesMusicTestTests/Info.plist;
				LD_RUNPATH_SEARCH_PATHS = (
					"$(inherited)",
					"@executable_path/Frameworks",
					"@loader_path/Frameworks",
				);
				PRODUCT_BUNDLE_IDENTIFIER = ru.learnanddevelop.ItunesMusicTestTests;
				PRODUCT_NAME = "$(TARGET_NAME)";
				SWIFT_VERSION = 4.2;
				TARGETED_DEVICE_FAMILY = "1,2";
				TEST_HOST = "$(BUILT_PRODUCTS_DIR)/ItunesMusicTest.app/ItunesMusicTest";
			};
			name = Release;
		};
/* End XCBuildConfiguration section */

/* Begin XCConfigurationList section */
		32B99467220F0A240044AA3A /* Build configuration list for PBXProject "ItunesMusicTest" */ = {
			isa = XCConfigurationList;
			buildConfigurations = (
				32B99487220F0A250044AA3A /* Debug */,
				32B99488220F0A250044AA3A /* Release */,
			);
			defaultConfigurationIsVisible = 0;
			defaultConfigurationName = Release;
		};
		32B99489220F0A250044AA3A /* Build configuration list for PBXNativeTarget "ItunesMusicTest" */ = {
			isa = XCConfigurationList;
			buildConfigurations = (
				32B9948A220F0A250044AA3A /* Debug */,
				32B9948B220F0A250044AA3A /* Release */,
			);
			defaultConfigurationIsVisible = 0;
			defaultConfigurationName = Release;
		};
		32B9948C220F0A250044AA3A /* Build configuration list for PBXNativeTarget "ItunesMusicTestTests" */ = {
			isa = XCConfigurationList;
			buildConfigurations = (
				32B9948D220F0A250044AA3A /* Debug */,
				32B9948E220F0A250044AA3A /* Release */,
			);
			defaultConfigurationIsVisible = 0;
			defaultConfigurationName = Release;
		};
/* End XCConfigurationList section */
	};
	rootObject = 32B99464220F0A240044AA3A /* Project object */;
}
